// !$*UTF8*$!
{
	archiveVersion = 1;
	classes = {
	};
	objectVersion = 50;
	objects = {

/* Begin PBXBuildFile section */
		CE86109E26034B3A000154FF /* AppDelegate.swift in Sources */ = {isa = PBXBuildFile; fileRef = CE86109D26034B3A000154FF /* AppDelegate.swift */; };
		CE8610A026034B3A000154FF /* SceneDelegate.swift in Sources */ = {isa = PBXBuildFile; fileRef = CE86109F26034B3A000154FF /* SceneDelegate.swift */; };
		CE8610A526034B3A000154FF /* Main.storyboard in Resources */ = {isa = PBXBuildFile; fileRef = CE8610A326034B3A000154FF /* Main.storyboard */; };
		CE8610A726034B3D000154FF /* Assets.xcassets in Resources */ = {isa = PBXBuildFile; fileRef = CE8610A626034B3D000154FF /* Assets.xcassets */; };
		CE8610AA26034B3D000154FF /* LaunchScreen.storyboard in Resources */ = {isa = PBXBuildFile; fileRef = CE8610A826034B3D000154FF /* LaunchScreen.storyboard */; };
		CE8610B326046B10000154FF /* CallBookTableViewController.swift in Sources */ = {isa = PBXBuildFile; fileRef = CE8610B226046B10000154FF /* CallBookTableViewController.swift */; };
		CE8610B72604C74C000154FF /* ContactCell.swift in Sources */ = {isa = PBXBuildFile; fileRef = CE8610B62604C74C000154FF /* ContactCell.swift */; };
		CE8610C22604C81D000154FF /* Contact.swift in Sources */ = {isa = PBXBuildFile; fileRef = CE8610C12604C81D000154FF /* Contact.swift */; };
		CE8610CB2604EF83000154FF /* FaceContact.swift in Sources */ = {isa = PBXBuildFile; fileRef = CE8610CA2604EF83000154FF /* FaceContact.swift */; };
		CE8610CE2604EF9B000154FF /* RecentCalls.swift in Sources */ = {isa = PBXBuildFile; fileRef = CE8610CD2604EF9B000154FF /* RecentCalls.swift */; };
		CE8610D22604F186000154FF /* ContactNode.swift in Sources */ = {isa = PBXBuildFile; fileRef = CE8610D12604F186000154FF /* ContactNode.swift */; };
		CE8610DD26061281000154FF /* MessageButton.swift in Sources */ = {isa = PBXBuildFile; fileRef = CE8610DC26061281000154FF /* MessageButton.swift */; };
		CE8610E026061A6A000154FF /* MessageContact.swift in Sources */ = {isa = PBXBuildFile; fileRef = CE8610DF26061A6A000154FF /* MessageContact.swift */; };
		CE8610E4260789EE000154FF /* MessageStorage.swift in Sources */ = {isa = PBXBuildFile; fileRef = CE8610E3260789ED000154FF /* MessageStorage.swift */; };
		CE8610EB2607BBE2000154FF /* Call.swift in Sources */ = {isa = PBXBuildFile; fileRef = CE8610EA2607BBE2000154FF /* Call.swift */; };
		CE8610EE2607BCF1000154FF /* Manager.swift in Sources */ = {isa = PBXBuildFile; fileRef = CE8610ED2607BCF1000154FF /* Manager.swift */; };
/* End PBXBuildFile section */

/* Begin PBXFileReference section */
		CE86109A26034B3A000154FF /* callBook.app */ = {isa = PBXFileReference; explicitFileType = wrapper.application; includeInIndex = 0; path = callBook.app; sourceTree = BUILT_PRODUCTS_DIR; };
		CE86109D26034B3A000154FF /* AppDelegate.swift */ = {isa = PBXFileReference; lastKnownFileType = sourcecode.swift; path = AppDelegate.swift; sourceTree = "<group>"; };
		CE86109F26034B3A000154FF /* SceneDelegate.swift */ = {isa = PBXFileReference; lastKnownFileType = sourcecode.swift; path = SceneDelegate.swift; sourceTree = "<group>"; };
		CE8610A426034B3A000154FF /* Base */ = {isa = PBXFileReference; lastKnownFileType = file.storyboard; name = Base; path = Base.lproj/Main.storyboard; sourceTree = "<group>"; };
		CE8610A626034B3D000154FF /* Assets.xcassets */ = {isa = PBXFileReference; lastKnownFileType = folder.assetcatalog; path = Assets.xcassets; sourceTree = "<group>"; };
		CE8610A926034B3D000154FF /* Base */ = {isa = PBXFileReference; lastKnownFileType = file.storyboard; name = Base; path = Base.lproj/LaunchScreen.storyboard; sourceTree = "<group>"; };
		CE8610AB26034B3D000154FF /* Info.plist */ = {isa = PBXFileReference; lastKnownFileType = text.plist.xml; path = Info.plist; sourceTree = "<group>"; };
		CE8610B226046B10000154FF /* CallBookTableViewController.swift */ = {isa = PBXFileReference; lastKnownFileType = sourcecode.swift; path = CallBookTableViewController.swift; sourceTree = "<group>"; };
		CE8610B62604C74C000154FF /* ContactCell.swift */ = {isa = PBXFileReference; lastKnownFileType = sourcecode.swift; path = ContactCell.swift; sourceTree = "<group>"; };
		CE8610C12604C81D000154FF /* Contact.swift */ = {isa = PBXFileReference; lastKnownFileType = sourcecode.swift; path = Contact.swift; sourceTree = "<group>"; };
		CE8610CA2604EF83000154FF /* FaceContact.swift */ = {isa = PBXFileReference; lastKnownFileType = sourcecode.swift; path = FaceContact.swift; sourceTree = "<group>"; };
		CE8610CD2604EF9B000154FF /* RecentCalls.swift */ = {isa = PBXFileReference; lastKnownFileType = sourcecode.swift; path = RecentCalls.swift; sourceTree = "<group>"; };
		CE8610D12604F186000154FF /* ContactNode.swift */ = {isa = PBXFileReference; lastKnownFileType = sourcecode.swift; path = ContactNode.swift; sourceTree = "<group>"; };
		CE8610DC26061281000154FF /* MessageButton.swift */ = {isa = PBXFileReference; lastKnownFileType = sourcecode.swift; path = MessageButton.swift; sourceTree = "<group>"; };
		CE8610DF26061A6A000154FF /* MessageContact.swift */ = {isa = PBXFileReference; lastKnownFileType = sourcecode.swift; path = MessageContact.swift; sourceTree = "<group>"; };
		CE8610E3260789ED000154FF /* MessageStorage.swift */ = {isa = PBXFileReference; lastKnownFileType = sourcecode.swift; path = MessageStorage.swift; sourceTree = "<group>"; };
		CE8610EA2607BBE2000154FF /* Call.swift */ = {isa = PBXFileReference; lastKnownFileType = sourcecode.swift; path = Call.swift; sourceTree = "<group>"; };
		CE8610ED2607BCF1000154FF /* Manager.swift */ = {isa = PBXFileReference; lastKnownFileType = sourcecode.swift; path = Manager.swift; sourceTree = "<group>"; };
/* End PBXFileReference section */

/* Begin PBXFrameworksBuildPhase section */
		CE86109726034B3A000154FF /* Frameworks */ = {
			isa = PBXFrameworksBuildPhase;
			buildActionMask = 2147483647;
			files = (
			);
			runOnlyForDeploymentPostprocessing = 0;
		};
/* End PBXFrameworksBuildPhase section */

/* Begin PBXGroup section */
		CE86109126034B39000154FF = {
			isa = PBXGroup;
			children = (
				CE86109C26034B3A000154FF /* callBook */,
				CE86109B26034B3A000154FF /* Products */,
			);
			sourceTree = "<group>";
		};
		CE86109B26034B3A000154FF /* Products */ = {
			isa = PBXGroup;
			children = (
				CE86109A26034B3A000154FF /* callBook.app */,
			);
			name = Products;
			sourceTree = "<group>";
		};
		CE86109C26034B3A000154FF /* callBook */ = {
			isa = PBXGroup;
			children = (
				CE8610ED2607BCF1000154FF /* Manager.swift */,
				CE86109D26034B3A000154FF /* AppDelegate.swift */,
				CE86109F26034B3A000154FF /* SceneDelegate.swift */,
				CE8610A326034B3A000154FF /* Main.storyboard */,
				CE8610D12604F186000154FF /* ContactNode.swift */,
				CE8610A626034B3D000154FF /* Assets.xcassets */,
				CE8610A826034B3D000154FF /* LaunchScreen.storyboard */,
				CE8610AB26034B3D000154FF /* Info.plist */,
				CE8610B226046B10000154FF /* CallBookTableViewController.swift */,
				CE8610DC26061281000154FF /* MessageButton.swift */,
				CE8610C12604C81D000154FF /* Contact.swift */,
				CE8610E3260789ED000154FF /* MessageStorage.swift */,
				CE8610EA2607BBE2000154FF /* Call.swift */,
				CE8610B62604C74C000154FF /* ContactCell.swift */,
				CE8610CA2604EF83000154FF /* FaceContact.swift */,
				CE8610DF26061A6A000154FF /* MessageContact.swift */,
				CE8610CD2604EF9B000154FF /* RecentCalls.swift */,
			);
			path = callBook;
			sourceTree = "<group>";
		};
/* End PBXGroup section */

/* Begin PBXNativeTarget section */
		CE86109926034B3A000154FF /* callBook */ = {
			isa = PBXNativeTarget;
			buildConfigurationList = CE8610AE26034B3D000154FF /* Build configuration list for PBXNativeTarget "callBook" */;
			buildPhases = (
				CE86109626034B3A000154FF /* Sources */,
				CE86109726034B3A000154FF /* Frameworks */,
				CE86109826034B3A000154FF /* Resources */,
			);
			buildRules = (
			);
			dependencies = (
			);
			name = callBook;
			productName = callBook;
			productReference = CE86109A26034B3A000154FF /* callBook.app */;
			productType = "com.apple.product-type.application";
		};
/* End PBXNativeTarget section */

/* Begin PBXProject section */
		CE86109226034B39000154FF /* Project object */ = {
			isa = PBXProject;
			attributes = {
				LastSwiftUpdateCheck = 1220;
				LastUpgradeCheck = 1220;
				TargetAttributes = {
					CE86109926034B3A000154FF = {
						CreatedOnToolsVersion = 12.2;
					};
				};
			};
			buildConfigurationList = CE86109526034B39000154FF /* Build configuration list for PBXProject "callBook" */;
			compatibilityVersion = "Xcode 9.3";
			developmentRegion = en;
			hasScannedForEncodings = 0;
			knownRegions = (
				en,
				Base,
			);
			mainGroup = CE86109126034B39000154FF;
			productRefGroup = CE86109B26034B3A000154FF /* Products */;
			projectDirPath = "";
			projectRoot = "";
			targets = (
				CE86109926034B3A000154FF /* callBook */,
			);
		};
/* End PBXProject section */

/* Begin PBXResourcesBuildPhase section */
		CE86109826034B3A000154FF /* Resources */ = {
			isa = PBXResourcesBuildPhase;
			buildActionMask = 2147483647;
			files = (
				CE8610AA26034B3D000154FF /* LaunchScreen.storyboard in Resources */,
				CE8610A726034B3D000154FF /* Assets.xcassets in Resources */,
				CE8610A526034B3A000154FF /* Main.storyboard in Resources */,
			);
			runOnlyForDeploymentPostprocessing = 0;
		};
/* End PBXResourcesBuildPhase section */

/* Begin PBXSourcesBuildPhase section */
		CE86109626034B3A000154FF /* Sources */ = {
			isa = PBXSourcesBuildPhase;
			buildActionMask = 2147483647;
			files = (
				CE8610B72604C74C000154FF /* ContactCell.swift in Sources */,
				CE8610EB2607BBE2000154FF /* Call.swift in Sources */,
				CE86109E26034B3A000154FF /* AppDelegate.swift in Sources */,
				CE8610C22604C81D000154FF /* Contact.swift in Sources */,
				CE8610E4260789EE000154FF /* MessageStorage.swift in Sources */,
				CE8610B326046B10000154FF /* CallBookTableViewController.swift in Sources */,
				CE8610CE2604EF9B000154FF /* RecentCalls.swift in Sources */,
				CE8610EE2607BCF1000154FF /* Manager.swift in Sources */,
				CE8610A026034B3A000154FF /* SceneDelegate.swift in Sources */,
				CE8610D22604F186000154FF /* ContactNode.swift in Sources */,
				CE8610CB2604EF83000154FF /* FaceContact.swift in Sources */,
				CE8610E026061A6A000154FF /* MessageContact.swift in Sources */,
				CE8610DD26061281000154FF /* MessageButton.swift in Sources */,
			);
			runOnlyForDeploymentPostprocessing = 0;
		};
/* End PBXSourcesBuildPhase section */

/* Begin PBXVariantGroup section */
		CE8610A326034B3A000154FF /* Main.storyboard */ = {
			isa = PBXVariantGroup;
			children = (
				CE8610A426034B3A000154FF /* Base */,
			);
			name = Main.storyboard;
			sourceTree = "<group>";
		};
		CE8610A826034B3D000154FF /* LaunchScreen.storyboard */ = {
			isa = PBXVariantGroup;
			children = (
				CE8610A926034B3D000154FF /* Base */,
			);
			name = LaunchScreen.storyboard;
			sourceTree = "<group>";
		};
/* End PBXVariantGroup section */

/* Begin XCBuildConfiguration section */
		CE8610AC26034B3D000154FF /* Debug */ = {
			isa = XCBuildConfiguration;
			buildSettings = {
				ALWAYS_SEARCH_USER_PATHS = NO;
				CLANG_ANALYZER_NONNULL = YES;
				CLANG_ANALYZER_NUMBER_OBJECT_CONVERSION = YES_AGGRESSIVE;
				CLANG_CXX_LANGUAGE_STANDARD = "gnu++14";
				CLANG_CXX_LIBRARY = "libc++";
				CLANG_ENABLE_MODULES = YES;
				CLANG_ENABLE_OBJC_ARC = YES;
				CLANG_ENABLE_OBJC_WEAK = YES;
				CLANG_WARN_BLOCK_CAPTURE_AUTORELEASING = YES;
				CLANG_WARN_BOOL_CONVERSION = YES;
				CLANG_WARN_COMMA = YES;
				CLANG_WARN_CONSTANT_CONVERSION = YES;
				CLANG_WARN_DEPRECATED_OBJC_IMPLEMENTATIONS = YES;
				CLANG_WARN_DIRECT_OBJC_ISA_USAGE = YES_ERROR;
				CLANG_WARN_DOCUMENTATION_COMMENTS = YES;
				CLANG_WARN_EMPTY_BODY = YES;
				CLANG_WARN_ENUM_CONVERSION = YES;
				CLANG_WARN_INFINITE_RECURSION = YES;
				CLANG_WARN_INT_CONVERSION = YES;
				CLANG_WARN_NON_LITERAL_NULL_CONVERSION = YES;
				CLANG_WARN_OBJC_IMPLICIT_RETAIN_SELF = YES;
				CLANG_WARN_OBJC_LITERAL_CONVERSION = YES;
				CLANG_WARN_OBJC_ROOT_CLASS = YES_ERROR;
				CLANG_WARN_QUOTED_INCLUDE_IN_FRAMEWORK_HEADER = YES;
				CLANG_WARN_RANGE_LOOP_ANALYSIS = YES;
				CLANG_WARN_STRICT_PROTOTYPES = YES;
				CLANG_WARN_SUSPICIOUS_MOVE = YES;
				CLANG_WARN_UNGUARDED_AVAILABILITY = YES_AGGRESSIVE;
				CLANG_WARN_UNREACHABLE_CODE = YES;
				CLANG_WARN__DUPLICATE_METHOD_MATCH = YES;
				COPY_PHASE_STRIP = NO;
				DEBUG_INFORMATION_FORMAT = dwarf;
				ENABLE_STRICT_OBJC_MSGSEND = YES;
				ENABLE_TESTABILITY = YES;
				GCC_C_LANGUAGE_STANDARD = gnu11;
				GCC_DYNAMIC_NO_PIC = NO;
				GCC_NO_COMMON_BLOCKS = YES;
				GCC_OPTIMIZATION_LEVEL = 0;
				GCC_PREPROCESSOR_DEFINITIONS = (
					"DEBUG=1",
					"$(inherited)",
				);
				GCC_WARN_64_TO_32_BIT_CONVERSION = YES;
				GCC_WARN_ABOUT_RETURN_TYPE = YES_ERROR;
				GCC_WARN_UNDECLARED_SELECTOR = YES;
				GCC_WARN_UNINITIALIZED_AUTOS = YES_AGGRESSIVE;
				GCC_WARN_UNUSED_FUNCTION = YES;
				GCC_WARN_UNUSED_VARIABLE = YES;
				IPHONEOS_DEPLOYMENT_TARGET = 14.2;
				MTL_ENABLE_DEBUG_INFO = INCLUDE_SOURCE;
				MTL_FAST_MATH = YES;
				ONLY_ACTIVE_ARCH = YES;
				SDKROOT = iphoneos;
				SWIFT_ACTIVE_COMPILATION_CONDITIONS = DEBUG;
				SWIFT_OPTIMIZATION_LEVEL = "-Onone";
			};
			name = Debug;
		};
		CE8610AD26034B3D000154FF /* Release */ = {
			isa = XCBuildConfiguration;
			buildSettings = {
				ALWAYS_SEARCH_USER_PATHS = NO;
				CLANG_ANALYZER_NONNULL = YES;
				CLANG_ANALYZER_NUMBER_OBJECT_CONVERSION = YES_AGGRESSIVE;
				CLANG_CXX_LANGUAGE_STANDARD = "gnu++14";
				CLANG_CXX_LIBRARY = "libc++";
				CLANG_ENABLE_MODULES = YES;
				CLANG_ENABLE_OBJC_ARC = YES;
				CLANG_ENABLE_OBJC_WEAK = YES;
				CLANG_WARN_BLOCK_CAPTURE_AUTORELEASING = YES;
				CLANG_WARN_BOOL_CONVERSION = YES;
				CLANG_WARN_COMMA = YES;
				CLANG_WARN_CONSTANT_CONVERSION = YES;
				CLANG_WARN_DEPRECATED_OBJC_IMPLEMENTATIONS = YES;
				CLANG_WARN_DIRECT_OBJC_ISA_USAGE = YES_ERROR;
				CLANG_WARN_DOCUMENTATION_COMMENTS = YES;
				CLANG_WARN_EMPTY_BODY = YES;
				CLANG_WARN_ENUM_CONVERSION = YES;
				CLANG_WARN_INFINITE_RECURSION = YES;
				CLANG_WARN_INT_CONVERSION = YES;
				CLANG_WARN_NON_LITERAL_NULL_CONVERSION = YES;
				CLANG_WARN_OBJC_IMPLICIT_RETAIN_SELF = YES;
				CLANG_WARN_OBJC_LITERAL_CONVERSION = YES;
				CLANG_WARN_OBJC_ROOT_CLASS = YES_ERROR;
				CLANG_WARN_QUOTED_INCLUDE_IN_FRAMEWORK_HEADER = YES;
				CLANG_WARN_RANGE_LOOP_ANALYSIS = YES;
				CLANG_WARN_STRICT_PROTOTYPES = YES;
				CLANG_WARN_SUSPICIOUS_MOVE = YES;
				CLANG_WARN_UNGUARDED_AVAILABILITY = YES_AGGRESSIVE;
				CLANG_WARN_UNREACHABLE_CODE = YES;
				CLANG_WARN__DUPLICATE_METHOD_MATCH = YES;
				COPY_PHASE_STRIP = NO;
				DEBUG_INFORMATION_FORMAT = "dwarf-with-dsym";
				ENABLE_NS_ASSERTIONS = NO;
				ENABLE_STRICT_OBJC_MSGSEND = YES;
				GCC_C_LANGUAGE_STANDARD = gnu11;
				GCC_NO_COMMON_BLOCKS = YES;
				GCC_WARN_64_TO_32_BIT_CONVERSION = YES;
				GCC_WARN_ABOUT_RETURN_TYPE = YES_ERROR;
				GCC_WARN_UNDECLARED_SELECTOR = YES;
				GCC_WARN_UNINITIALIZED_AUTOS = YES_AGGRESSIVE;
				GCC_WARN_UNUSED_FUNCTION = YES;
				GCC_WARN_UNUSED_VARIABLE = YES;
				IPHONEOS_DEPLOYMENT_TARGET = 14.2;
				MTL_ENABLE_DEBUG_INFO = NO;
				MTL_FAST_MATH = YES;
				SDKROOT = iphoneos;
				SWIFT_COMPILATION_MODE = wholemodule;
				SWIFT_OPTIMIZATION_LEVEL = "-O";
				VALIDATE_PRODUCT = YES;
			};
			name = Release;
		};
		CE8610AF26034B3D000154FF /* Debug */ = {
			isa = XCBuildConfiguration;
			buildSettings = {
				ASSETCATALOG_COMPILER_APPICON_NAME = AppIcon;
				ASSETCATALOG_COMPILER_GLOBAL_ACCENT_COLOR_NAME = AccentColor;
				CODE_SIGN_STYLE = Automatic;
				INFOPLIST_FILE = callBook/Info.plist;
				LD_RUNPATH_SEARCH_PATHS = (
					"$(inherited)",
					"@executable_path/Frameworks",
				);
				PRODUCT_BUNDLE_IDENTIFIER = Internship.callBook;
				PRODUCT_NAME = "$(TARGET_NAME)";
				SWIFT_VERSION = 5.0;
				TARGETED_DEVICE_FAMILY = "1,2";
			};
			name = Debug;
		};
		CE8610B026034B3D000154FF /* Release */ = {
			isa = XCBuildConfiguration;
			buildSettings = {
				ASSETCATALOG_COMPILER_APPICON_NAME = AppIcon;
				ASSETCATALOG_COMPILER_GLOBAL_ACCENT_COLOR_NAME = AccentColor;
				CODE_SIGN_STYLE = Automatic;
				INFOPLIST_FILE = callBook/Info.plist;
				LD_RUNPATH_SEARCH_PATHS = (
					"$(inherited)",
					"@executable_path/Frameworks",
				);
				PRODUCT_BUNDLE_IDENTIFIER = Internship.callBook;
				PRODUCT_NAME = "$(TARGET_NAME)";
				SWIFT_VERSION = 5.0;
				TARGETED_DEVICE_FAMILY = "1,2";
			};
			name = Release;
		};
/* End XCBuildConfiguration section */

/* Begin XCConfigurationList section */
		CE86109526034B39000154FF /* Build configuration list for PBXProject "callBook" */ = {
			isa = XCConfigurationList;
			buildConfigurations = (
				CE8610AC26034B3D000154FF /* Debug */,
				CE8610AD26034B3D000154FF /* Release */,
			);
			defaultConfigurationIsVisible = 0;
			defaultConfigurationName = Release;
		};
		CE8610AE26034B3D000154FF /* Build configuration list for PBXNativeTarget "callBook" */ = {
			isa = XCConfigurationList;
			buildConfigurations = (
				CE8610AF26034B3D000154FF /* Debug */,
				CE8610B026034B3D000154FF /* Release */,
			);
			defaultConfigurationIsVisible = 0;
			defaultConfigurationName = Release;
		};
/* End XCConfigurationList section */
	};
	rootObject = CE86109226034B39000154FF /* Project object */;
}
